
Microsoft Visual Studio Solution File, Format Version 12.00
# Visual Studio 15
VisualStudioVersion = 15.0.28010.2016
MinimumVisualStudioVersion = 10.0.40219.1
Project("{FAE04EC0-301F-11D3-BF4B-00C04F79EFBC}") = "ExampleApp.Android", "ExampleApp\ExampleApp.Android\ExampleApp.Android.csproj", "{CABC3ACB-9046-4D44-B2B0-AF754F433A3F}"
EndProject
Project("{FAE04EC0-301F-11D3-BF4B-00C04F79EFBC}") = "ExampleApp.iOS", "ExampleApp\ExampleApp.iOS\ExampleApp.iOS.csproj", "{BDFD0E85-2C74-43DA-90B1-6E1D413C8D60}"
EndProject
Project("{FAE04EC0-301F-11D3-BF4B-00C04F79EFBC}") = "ExampleApp", "ExampleApp\ExampleApp\ExampleApp.csproj", "{FE01583B-3D1F-4088-AA41-6C31A9BB6C00}"
EndProject
Global
	GlobalSection(SolutionConfigurationPlatforms) = preSolution
		Ad-Hoc|Any CPU = Ad-Hoc|Any CPU
		Ad-Hoc|iPhone = Ad-Hoc|iPhone
		Ad-Hoc|iPhoneSimulator = Ad-Hoc|iPhoneSimulator
		AppStore|Any CPU = AppStore|Any CPU
		AppStore|iPhone = AppStore|iPhone
		AppStore|iPhoneSimulator = AppStore|iPhoneSimulator
		Debug|Any CPU = Debug|Any CPU
		Debug|iPhone = Debug|iPhone
		Debug|iPhoneSimulator = Debug|iPhoneSimulator
		Release|Any CPU = Release|Any CPU
		Release|iPhone = Release|iPhone
		Release|iPhoneSimulator = Release|iPhoneSimulator
	EndGlobalSection
	GlobalSection(ProjectConfigurationPlatforms) = postSolution
		{CABC3ACB-9046-4D44-B2B0-AF754F433A3F}.Ad-Hoc|Any CPU.ActiveCfg = Release|Any CPU
		{CABC3ACB-9046-4D44-B2B0-AF754F433A3F}.Ad-Hoc|Any CPU.Build.0 = Release|Any CPU
		{CABC3ACB-9046-4D44-B2B0-AF754F433A3F}.Ad-Hoc|Any CPU.Deploy.0 = Release|Any CPU
		{CABC3ACB-9046-4D44-B2B0-AF754F433A3F}.Ad-Hoc|iPhone.ActiveCfg = Release|Any CPU
		{CABC3ACB-9046-4D44-B2B0-AF754F433A3F}.Ad-Hoc|iPhone.Build.0 = Release|Any CPU
		{CABC3ACB-9046-4D44-B2B0-AF754F433A3F}.Ad-Hoc|iPhone.Deploy.0 = Release|Any CPU
		{CABC3ACB-9046-4D44-B2B0-AF754F433A3F}.Ad-Hoc|iPhoneSimulator.ActiveCfg = Release|Any CPU
		{CABC3ACB-9046-4D44-B2B0-AF754F433A3F}.Ad-Hoc|iPhoneSimulator.Build.0 = Release|Any CPU
		{CABC3ACB-9046-4D44-B2B0-AF754F433A3F}.Ad-Hoc|iPhoneSimulator.Deploy.0 = Release|Any CPU
		{CABC3ACB-9046-4D44-B2B0-AF754F433A3F}.AppStore|Any CPU.ActiveCfg = Release|Any CPU
		{CABC3ACB-9046-4D44-B2B0-AF754F433A3F}.AppStore|Any CPU.Build.0 = Release|Any CPU
		{CABC3ACB-9046-4D44-B2B0-AF754F433A3F}.AppStore|Any CPU.Deploy.0 = Release|Any CPU
		{CABC3ACB-9046-4D44-B2B0-AF754F433A3F}.AppStore|iPhone.ActiveCfg = Release|Any CPU
		{CABC3ACB-9046-4D44-B2B0-AF754F433A3F}.AppStore|iPhone.Build.0 = Release|Any CPU
		{CABC3ACB-9046-4D44-B2B0-AF754F433A3F}.AppStore|iPhone.Deploy.0 = Release|Any CPU
		{CABC3ACB-9046-4D44-B2B0-AF754F433A3F}.AppStore|iPhoneSimulator.ActiveCfg = Release|Any CPU
		{CABC3ACB-9046-4D44-B2B0-AF754F433A3F}.AppStore|iPhoneSimulator.Build.0 = Release|Any CPU
		{CABC3ACB-9046-4D44-B2B0-AF754F433A3F}.AppStore|iPhoneSimulator.Deploy.0 = Release|Any CPU
		{CABC3ACB-9046-4D44-B2B0-AF754F433A3F}.Debug|Any CPU.ActiveCfg = Debug|Any CPU
		{CABC3ACB-9046-4D44-B2B0-AF754F433A3F}.Debug|Any CPU.Build.0 = Debug|Any CPU
		{CABC3ACB-9046-4D44-B2B0-AF754F433A3F}.Debug|Any CPU.Deploy.0 = Debug|Any CPU
		{CABC3ACB-9046-4D44-B2B0-AF754F433A3F}.Debug|iPhone.ActiveCfg = Debug|Any CPU
		{CABC3ACB-9046-4D44-B2B0-AF754F433A3F}.Debug|iPhone.Build.0 = Debug|Any CPU
		{CABC3ACB-9046-4D44-B2B0-AF754F433A3F}.Debug|iPhone.Deploy.0 = Debug|Any CPU
		{CABC3ACB-9046-4D44-B2B0-AF754F433A3F}.Debug|iPhoneSimulator.ActiveCfg = Debug|Any CPU
		{CABC3ACB-9046-4D44-B2B0-AF754F433A3F}.Debug|iPhoneSimulator.Build.0 = Debug|Any CPU
		{CABC3ACB-9046-4D44-B2B0-AF754F433A3F}.Debug|iPhoneSimulator.Deploy.0 = Debug|Any CPU
		{CABC3ACB-9046-4D44-B2B0-AF754F433A3F}.Release|Any CPU.ActiveCfg = Release|Any CPU
		{CABC3ACB-9046-4D44-B2B0-AF754F433A3F}.Release|Any CPU.Build.0 = Release|Any CPU
		{CABC3ACB-9046-4D44-B2B0-AF754F433A3F}.Release|Any CPU.Deploy.0 = Release|Any CPU
		{CABC3ACB-9046-4D44-B2B0-AF754F433A3F}.Release|iPhone.ActiveCfg = Release|Any CPU
		{CABC3ACB-9046-4D44-B2B0-AF754F433A3F}.Release|iPhone.Build.0 = Release|Any CPU
		{CABC3ACB-9046-4D44-B2B0-AF754F433A3F}.Release|iPhone.Deploy.0 = Release|Any CPU
		{CABC3ACB-9046-4D44-B2B0-AF754F433A3F}.Release|iPhoneSimulator.ActiveCfg = Release|Any CPU
		{CABC3ACB-9046-4D44-B2B0-AF754F433A3F}.Release|iPhoneSimulator.Build.0 = Release|Any CPU
		{CABC3ACB-9046-4D44-B2B0-AF754F433A3F}.Release|iPhoneSimulator.Deploy.0 = Release|Any CPU
		{BDFD0E85-2C74-43DA-90B1-6E1D413C8D60}.Ad-Hoc|Any CPU.ActiveCfg = Ad-Hoc|iPhone
		{BDFD0E85-2C74-43DA-90B1-6E1D413C8D60}.Ad-Hoc|Any CPU.Build.0 = Ad-Hoc|iPhone
		{BDFD0E85-2C74-43DA-90B1-6E1D413C8D60}.Ad-Hoc|Any CPU.Deploy.0 = Ad-Hoc|iPhone
		{BDFD0E85-2C74-43DA-90B1-6E1D413C8D60}.Ad-Hoc|iPhone.ActiveCfg = Ad-Hoc|iPhone
		{BDFD0E85-2C74-43DA-90B1-6E1D413C8D60}.Ad-Hoc|iPhone.Build.0 = Ad-Hoc|iPhone
		{BDFD0E85-2C74-43DA-90B1-6E1D413C8D60}.Ad-Hoc|iPhone.Deploy.0 = Ad-Hoc|iPhone
		{BDFD0E85-2C74-43DA-90B1-6E1D413C8D60}.Ad-Hoc|iPhoneSimulator.ActiveCfg = Ad-Hoc|iPhoneSimulator
		{BDFD0E85-2C74-43DA-90B1-6E1D413C8D60}.Ad-Hoc|iPhoneSimulator.Build.0 = Ad-Hoc|iPhoneSimulator
		{BDFD0E85-2C74-43DA-90B1-6E1D413C8D60}.Ad-Hoc|iPhoneSimulator.Deploy.0 = Ad-Hoc|iPhoneSimulator
		{BDFD0E85-2C74-43DA-90B1-6E1D413C8D60}.AppStore|Any CPU.ActiveCfg = AppStore|iPhone
		{BDFD0E85-2C74-43DA-90B1-6E1D413C8D60}.AppStore|Any CPU.Build.0 = AppStore|iPhone
		{BDFD0E85-2C74-43DA-90B1-6E1D413C8D60}.AppStore|Any CPU.Deploy.0 = AppStore|iPhone
		{BDFD0E85-2C74-43DA-90B1-6E1D413C8D60}.AppStore|iPhone.ActiveCfg = AppStore|iPhone
		{BDFD0E85-2C74-43DA-90B1-6E1D413C8D60}.AppStore|iPhone.Build.0 = AppStore|iPhone
		{BDFD0E85-2C74-43DA-90B1-6E1D413C8D60}.AppStore|iPhone.Deploy.0 = AppStore|iPhone
		{BDFD0E85-2C74-43DA-90B1-6E1D413C8D60}.AppStore|iPhoneSimulator.ActiveCfg = AppStore|iPhoneSimulator
		{BDFD0E85-2C74-43DA-90B1-6E1D413C8D60}.AppStore|iPhoneSimulator.Build.0 = AppStore|iPhoneSimulator
		{BDFD0E85-2C74-43DA-90B1-6E1D413C8D60}.AppStore|iPhoneSimulator.Deploy.0 = AppStore|iPhoneSimulator
		{BDFD0E85-2C74-43DA-90B1-6E1D413C8D60}.Debug|Any CPU.ActiveCfg = Debug|iPhoneSimulator
		{BDFD0E85-2C74-43DA-90B1-6E1D413C8D60}.Debug|Any CPU.Build.0 = Debug|iPhoneSimulator
		{BDFD0E85-2C74-43DA-90B1-6E1D413C8D60}.Debug|Any CPU.Deploy.0 = Debug|iPhoneSimulator
		{BDFD0E85-2C74-43DA-90B1-6E1D413C8D60}.Debug|iPhone.ActiveCfg = Debug|iPhone
		{BDFD0E85-2C74-43DA-90B1-6E1D413C8D60}.Debug|iPhone.Build.0 = Debug|iPhone
		{BDFD0E85-2C74-43DA-90B1-6E1D413C8D60}.Debug|iPhone.Deploy.0 = Debug|iPhone
		{BDFD0E85-2C74-43DA-90B1-6E1D413C8D60}.Debug|iPhoneSimulator.ActiveCfg = Debug|iPhoneSimulator
		{BDFD0E85-2C74-43DA-90B1-6E1D413C8D60}.Debug|iPhoneSimulator.Build.0 = Debug|iPhoneSimulator
		{BDFD0E85-2C74-43DA-90B1-6E1D413C8D60}.Debug|iPhoneSimulator.Deploy.0 = Debug|iPhoneSimulator
		{BDFD0E85-2C74-43DA-90B1-6E1D413C8D60}.Release|Any CPU.ActiveCfg = Release|iPhone
		{BDFD0E85-2C74-43DA-90B1-6E1D413C8D60}.Release|Any CPU.Build.0 = Release|iPhone
		{BDFD0E85-2C74-43DA-90B1-6E1D413C8D60}.Release|Any CPU.Deploy.0 = Release|iPhone
		{BDFD0E85-2C74-43DA-90B1-6E1D413C8D60}.Release|iPhone.ActiveCfg = Release|iPhone
		{BDFD0E85-2C74-43DA-90B1-6E1D413C8D60}.Release|iPhone.Build.0 = Release|iPhone
		{BDFD0E85-2C74-43DA-90B1-6E1D413C8D60}.Release|iPhone.Deploy.0 = Release|iPhone
		{BDFD0E85-2C74-43DA-90B1-6E1D413C8D60}.Release|iPhoneSimulator.ActiveCfg = Release|iPhoneSimulator
		{BDFD0E85-2C74-43DA-90B1-6E1D413C8D60}.Release|iPhoneSimulator.Build.0 = Release|iPhoneSimulator
		{BDFD0E85-2C74-43DA-90B1-6E1D413C8D60}.Release|iPhoneSimulator.Deploy.0 = Release|iPhoneSimulator
		{FE01583B-3D1F-4088-AA41-6C31A9BB6C00}.Ad-Hoc|Any CPU.ActiveCfg = Debug|Any CPU
		{FE01583B-3D1F-4088-AA41-6C31A9BB6C00}.Ad-Hoc|Any CPU.Build.0 = Debug|Any CPU
		{FE01583B-3D1F-4088-AA41-6C31A9BB6C00}.Ad-Hoc|Any CPU.Deploy.0 = Debug|Any CPU
		{FE01583B-3D1F-4088-AA41-6C31A9BB6C00}.Ad-Hoc|iPhone.ActiveCfg = Debug|Any CPU
		{FE01583B-3D1F-4088-AA41-6C31A9BB6C00}.Ad-Hoc|iPhone.Build.0 = Debug|Any CPU
		{FE01583B-3D1F-4088-AA41-6C31A9BB6C00}.Ad-Hoc|iPhone.Deploy.0 = Debug|Any CPU
		{FE01583B-3D1F-4088-AA41-6C31A9BB6C00}.Ad-Hoc|iPhoneSimulator.ActiveCfg = Debug|Any CPU
		{FE01583B-3D1F-4088-AA41-6C31A9BB6C00}.Ad-Hoc|iPhoneSimulator.Build.0 = Debug|Any CPU
		{FE01583B-3D1F-4088-AA41-6C31A9BB6C00}.Ad-Hoc|iPhoneSimulator.Deploy.0 = Debug|Any CPU
		{FE01583B-3D1F-4088-AA41-6C31A9BB6C00}.AppStore|Any CPU.ActiveCfg = Debug|Any CPU
		{FE01583B-3D1F-4088-AA41-6C31A9BB6C00}.AppStore|Any CPU.Build.0 = Debug|Any CPU
		{FE01583B-3D1F-4088-AA41-6C31A9BB6C00}.AppStore|Any CPU.Deploy.0 = Debug|Any CPU
		{FE01583B-3D1F-4088-AA41-6C31A9BB6C00}.AppStore|iPhone.ActiveCfg = Debug|Any CPU
		{FE01583B-3D1F-4088-AA41-6C31A9BB6C00}.AppStore|iPhone.Build.0 = Debug|Any CPU
		{FE01583B-3D1F-4088-AA41-6C31A9BB6C00}.AppStore|iPhone.Deploy.0 = Debug|Any CPU
		{FE01583B-3D1F-4088-AA41-6C31A9BB6C00}.AppStore|iPhoneSimulator.ActiveCfg = Debug|Any CPU
		{FE01583B-3D1F-4088-AA41-6C31A9BB6C00}.AppStore|iPhoneSimulator.Build.0 = Debug|Any CPU
		{FE01583B-3D1F-4088-AA41-6C31A9BB6C00}.AppStore|iPhoneSimulator.Deploy.0 = Debug|Any CPU
		{FE01583B-3D1F-4088-AA41-6C31A9BB6C00}.Debug|Any CPU.ActiveCfg = Debug|Any CPU
		{FE01583B-3D1F-4088-AA41-6C31A9BB6C00}.Debug|Any CPU.Build.0 = Debug|Any CPU
		{FE01583B-3D1F-4088-AA41-6C31A9BB6C00}.Debug|Any CPU.Deploy.0 = Debug|Any CPU
		{FE01583B-3D1F-4088-AA41-6C31A9BB6C00}.Debug|iPhone.ActiveCfg = Debug|Any CPU
		{FE01583B-3D1F-4088-AA41-6C31A9BB6C00}.Debug|iPhone.Build.0 = Debug|Any CPU
		{FE01583B-3D1F-4088-AA41-6C31A9BB6C00}.Debug|iPhone.Deploy.0 = Debug|Any CPU
		{FE01583B-3D1F-4088-AA41-6C31A9BB6C00}.Debug|iPhoneSimulator.ActiveCfg = Debug|Any CPU
		{FE01583B-3D1F-4088-AA41-6C31A9BB6C00}.Debug|iPhoneSimulator.Build.0 = Debug|Any CPU
		{FE01583B-3D1F-4088-AA41-6C31A9BB6C00}.Debug|iPhoneSimulator.Deploy.0 = Debug|Any CPU
		{FE01583B-3D1F-4088-AA41-6C31A9BB6C00}.Release|Any CPU.ActiveCfg = Release|Any CPU
		{FE01583B-3D1F-4088-AA41-6C31A9BB6C00}.Release|Any CPU.Build.0 = Release|Any CPU
		{FE01583B-3D1F-4088-AA41-6C31A9BB6C00}.Release|Any CPU.Deploy.0 = Release|Any CPU
		{FE01583B-3D1F-4088-AA41-6C31A9BB6C00}.Release|iPhone.ActiveCfg = Release|Any CPU
		{FE01583B-3D1F-4088-AA41-6C31A9BB6C00}.Release|iPhone.Build.0 = Release|Any CPU
		{FE01583B-3D1F-4088-AA41-6C31A9BB6C00}.Release|iPhone.Deploy.0 = Release|Any CPU
		{FE01583B-3D1F-4088-AA41-6C31A9BB6C00}.Release|iPhoneSimulator.ActiveCfg = Release|Any CPU
		{FE01583B-3D1F-4088-AA41-6C31A9BB6C00}.Release|iPhoneSimulator.Build.0 = Release|Any CPU
		{FE01583B-3D1F-4088-AA41-6C31A9BB6C00}.Release|iPhoneSimulator.Deploy.0 = Release|Any CPU
	EndGlobalSection
	GlobalSection(SolutionProperties) = preSolution
		HideSolutionNode = FALSE
	EndGlobalSection
	GlobalSection(ExtensibilityGlobals) = postSolution
		SolutionGuid = {F15C4277-1EA6-4D2F-96F0-D7FCD23343F7}
	EndGlobalSection
EndGlobal
